{
    "doctrine/data-fixtures": {
        "version": "1.4.4"
    },
    "doctrine/doctrine-fixtures-bundle": {
        "version": "3.0",
        "recipe": {
            "repo": "github.com/symfony/recipes",
            "branch": "master",
            "version": "3.0",
            "ref": "e5b542d4ef47d8a003c91beb35650c76907f7e53"
        },
        "files": [
            "src/DataFixtures/AppFixtures.php"
        ]
    },
    "symfony/amqp-messenger": {
        "version": "v5.1.9"
    },
    "symfony/browser-kit": {
        "version": "v5.1.9"
    },
    "symfony/css-selector": {
        "version": "v5.1.9"
    },
    "symfony/doctrine-messenger": {
        "version": "v5.1.9"
    },
    "symfony/dom-crawler": {
        "version": "v5.1.9"
    },
    "symfony/messenger": {
        "version": "4.3",
        "recipe": {
            "repo": "github.com/symfony/recipes",
            "branch": "master",
            "version": "4.3",
            "ref": "e9a414b113ceadbf4e52abe37bf8f1b443f06ccb"
        },
        "files": [
            "config/packages/messenger.yaml"
        ]
    },
    "symfony/redis-messenger": {
        "version": "v5.1.9"
    }
}
